
Microsoft Visual Studio Solution File, Format Version 12.00
# Visual Studio 14
VisualStudioVersion = 14.0.25420.1
MinimumVisualStudioVersion = 10.0.40219.1
Project("{FAE04EC0-301F-11D3-BF4B-00C04F79EFBC}") = "NorthwindMVC", "NorthwindMVC\NorthwindMVC.csproj", "{AA3382BF-C9AF-419F-B031-DC352191D9A6}"
EndProject
Project("{2150E333-8FDC-42A3-9474-1A3956D46DE8}") = "Solution Items", "Solution Items", "{9EE22508-1E5D-4C1A-92A0-10BBE0318B44}"
	ProjectSection(SolutionItems) = preProject
		Notes.txt = Notes.txt
		Prerequisites.txt = Prerequisites.txt
		SALES_BY_YEAR_fix.sql = SALES_BY_YEAR_fix.sql
	EndProjectSection
EndProject
Global
	GlobalSection(SolutionConfigurationPlatforms) = preSolution
		Debug|Any CPU = Debug|Any CPU
		Release|Any CPU = Release|Any CPU
	EndGlobalSection
	GlobalSection(ProjectConfigurationPlatforms) = postSolution
		{AA3382BF-C9AF-419F-B031-DC352191D9A6}.Debug|Any CPU.ActiveCfg = Debug|Any CPU
		{AA3382BF-C9AF-419F-B031-DC352191D9A6}.Debug|Any CPU.Build.0 = Debug|Any CPU
		{AA3382BF-C9AF-419F-B031-DC352191D9A6}.Release|Any CPU.ActiveCfg = Release|Any CPU
		{AA3382BF-C9AF-419F-B031-DC352191D9A6}.Release|Any CPU.Build.0 = Release|Any CPU
	EndGlobalSection
	GlobalSection(SolutionProperties) = preSolution
		HideSolutionNode = FALSE
	EndGlobalSection
EndGlobal
